
Microsoft Visual Studio Solution File, Format Version 12.00
# Visual Studio Version 16
VisualStudioVersion = 16.0.30413.136
MinimumVisualStudioVersion = 10.0.40219.1
Project("{888888A0-9F3D-457C-B088-3A5042F75D52}") = "esimene", "esimene.pyproj", "{1C4E2BE6-164A-49FE-8C86-DEECD450DB8A}"
EndProject
Global
	GlobalSection(SolutionConfigurationPlatforms) = preSolution
		Debug|Any CPU = Debug|Any CPU
		Release|Any CPU = Release|Any CPU
	EndGlobalSection
	GlobalSection(ProjectConfigurationPlatforms) = postSolution
		{1C4E2BE6-164A-49FE-8C86-DEECD450DB8A}.Debug|Any CPU.ActiveCfg = Debug|Any CPU
		{1C4E2BE6-164A-49FE-8C86-DEECD450DB8A}.Release|Any CPU.ActiveCfg = Release|Any CPU
	EndGlobalSection
	GlobalSection(SolutionProperties) = preSolution
		HideSolutionNode = FALSE
	EndGlobalSection
	GlobalSection(ExtensibilityGlobals) = postSolution
		SolutionGuid = {2BEFC28C-B368-4A4B-AD1B-3376081A3D76}
	EndGlobalSection
EndGlobal
